
Microsoft Visual Studio Solution File, Format Version 12.00
# Visual Studio 14
VisualStudioVersion = 14.0.25123.0
MinimumVisualStudioVersion = 10.0.40219.1
Project("{FAE04EC0-301F-11D3-BF4B-00C04F79EFBC}") = "twidown", "twidown\twidown.csproj", "{92C7383E-C1FA-4CF4-99CB-E7FBB42701F8}"
EndProject
Project("{FAE04EC0-301F-11D3-BF4B-00C04F79EFBC}") = "twihash", "twihash\twihash.csproj", "{E9879998-1D63-4961-9785-70C70D2B3B9D}"
EndProject
Project("{FAE04EC0-301F-11D3-BF4B-00C04F79EFBC}") = "twiview", "twiview\twiview.csproj", "{DD765712-464E-4B9B-AE66-8A3D5A49A1B8}"
EndProject
Project("{FAE04EC0-301F-11D3-BF4B-00C04F79EFBC}") = "twitool", "twitool\twitool.csproj", "{5FB441A4-854C-4B92-9691-5020BB2D2D11}"
EndProject
Project("{FAE04EC0-301F-11D3-BF4B-00C04F79EFBC}") = "twibot", "twibot\twibot.csproj", "{5F2CD01E-F16A-4084-ABCD-769C104EFA8A}"
EndProject
Project("{FAE04EC0-301F-11D3-BF4B-00C04F79EFBC}") = "twidownparent", "twidownparent\twidownparent.csproj", "{B71E87ED-CC97-49B6-93BA-31F42A36B1AA}"
EndProject
Global
	GlobalSection(SolutionConfigurationPlatforms) = preSolution
		Debug|Any CPU = Debug|Any CPU
		Release|Any CPU = Release|Any CPU
	EndGlobalSection
	GlobalSection(ProjectConfigurationPlatforms) = postSolution
		{92C7383E-C1FA-4CF4-99CB-E7FBB42701F8}.Debug|Any CPU.ActiveCfg = Debug|Any CPU
		{92C7383E-C1FA-4CF4-99CB-E7FBB42701F8}.Debug|Any CPU.Build.0 = Debug|Any CPU
		{92C7383E-C1FA-4CF4-99CB-E7FBB42701F8}.Release|Any CPU.ActiveCfg = Release|Any CPU
		{92C7383E-C1FA-4CF4-99CB-E7FBB42701F8}.Release|Any CPU.Build.0 = Release|Any CPU
		{E9879998-1D63-4961-9785-70C70D2B3B9D}.Debug|Any CPU.ActiveCfg = Debug|Any CPU
		{E9879998-1D63-4961-9785-70C70D2B3B9D}.Debug|Any CPU.Build.0 = Debug|Any CPU
		{E9879998-1D63-4961-9785-70C70D2B3B9D}.Release|Any CPU.ActiveCfg = Release|Any CPU
		{E9879998-1D63-4961-9785-70C70D2B3B9D}.Release|Any CPU.Build.0 = Release|Any CPU
		{DD765712-464E-4B9B-AE66-8A3D5A49A1B8}.Debug|Any CPU.ActiveCfg = Debug|Any CPU
		{DD765712-464E-4B9B-AE66-8A3D5A49A1B8}.Debug|Any CPU.Build.0 = Debug|Any CPU
		{DD765712-464E-4B9B-AE66-8A3D5A49A1B8}.Release|Any CPU.ActiveCfg = Release|Any CPU
		{DD765712-464E-4B9B-AE66-8A3D5A49A1B8}.Release|Any CPU.Build.0 = Release|Any CPU
		{5FB441A4-854C-4B92-9691-5020BB2D2D11}.Debug|Any CPU.ActiveCfg = Debug|Any CPU
		{5FB441A4-854C-4B92-9691-5020BB2D2D11}.Debug|Any CPU.Build.0 = Debug|Any CPU
		{5FB441A4-854C-4B92-9691-5020BB2D2D11}.Release|Any CPU.ActiveCfg = Release|Any CPU
		{5FB441A4-854C-4B92-9691-5020BB2D2D11}.Release|Any CPU.Build.0 = Release|Any CPU
		{5F2CD01E-F16A-4084-ABCD-769C104EFA8A}.Debug|Any CPU.ActiveCfg = Debug|Any CPU
		{5F2CD01E-F16A-4084-ABCD-769C104EFA8A}.Debug|Any CPU.Build.0 = Debug|Any CPU
		{5F2CD01E-F16A-4084-ABCD-769C104EFA8A}.Release|Any CPU.ActiveCfg = Release|Any CPU
		{5F2CD01E-F16A-4084-ABCD-769C104EFA8A}.Release|Any CPU.Build.0 = Release|Any CPU
		{B71E87ED-CC97-49B6-93BA-31F42A36B1AA}.Debug|Any CPU.ActiveCfg = Debug|Any CPU
		{B71E87ED-CC97-49B6-93BA-31F42A36B1AA}.Debug|Any CPU.Build.0 = Debug|Any CPU
		{B71E87ED-CC97-49B6-93BA-31F42A36B1AA}.Release|Any CPU.ActiveCfg = Release|Any CPU
		{B71E87ED-CC97-49B6-93BA-31F42A36B1AA}.Release|Any CPU.Build.0 = Release|Any CPU
	EndGlobalSection
	GlobalSection(SolutionProperties) = preSolution
		HideSolutionNode = FALSE
	EndGlobalSection
EndGlobal
